
Microsoft Visual Studio Solution File, Format Version 12.00
# Visual Studio 15
VisualStudioVersion = 15.0.26730.8
MinimumVisualStudioVersion = 10.0.40219.1
Project("{FAE04EC0-301F-11D3-BF4B-00C04F79EFBC}") = "PortkablePass.Web", "PortkablePass.Web\PortkablePass.Web.csproj", "{E1704B19-B8C8-4042-8D91-A5D9AFF2239A}"
EndProject
Project("{FAE04EC0-301F-11D3-BF4B-00C04F79EFBC}") = "PortkablePass.Tests", "PortkablePass.Tests\PortkablePass.Tests.csproj", "{17802973-EF80-4F9A-A430-06EDB75EDE77}"
EndProject
Project("{FAE04EC0-301F-11D3-BF4B-00C04F79EFBC}") = "PortkablePass.Mobile", "PortkablePass.Mobile\PortkablePass.Mobile.csproj", "{46BCD480-B236-4E11-93FF-5E925549E71F}"
EndProject
Project("{9A19103F-16F7-4668-BE54-9A1E7A4F7556}") = "PortkablePass.Enums", "PortkablePass.Enums\PortkablePass.Enums.csproj", "{F3D310AB-5FEB-4FAD-B7FF-3A203C1A68C2}"
EndProject
Project("{9A19103F-16F7-4668-BE54-9A1E7A4F7556}") = "PortkablePass.Interfaces", "PortkablePass.Interfaces\PortkablePass.Interfaces.csproj", "{3E27F4B3-1DB5-4833-AF15-CA05C119FBC1}"
EndProject
Project("{9A19103F-16F7-4668-BE54-9A1E7A4F7556}") = "PortkablePass.Encoding", "PortkablePass.Encoding\PortkablePass.Encoding.csproj", "{E56781CE-02C5-4AEC-AFA4-3C4901698E73}"
EndProject
Project("{9A19103F-16F7-4668-BE54-9A1E7A4F7556}") = "PortkablePass.Cryptography", "PortkablePass.Cryptography\PortkablePass.Cryptography.csproj", "{561C64CE-A705-486F-863B-C577FAF48AF3}"
EndProject
Project("{FAE04EC0-301F-11D3-BF4B-00C04F79EFBC}") = "PortkablePass.Android", "PortkablePass.Android\PortkablePass.Android.csproj", "{1E8CB004-4D31-4CD0-9341-2F39FE779D47}"
EndProject
Global
	GlobalSection(SolutionConfigurationPlatforms) = preSolution
		Debug|Any CPU = Debug|Any CPU
		Release|Any CPU = Release|Any CPU
	EndGlobalSection
	GlobalSection(ProjectConfigurationPlatforms) = postSolution
		{E1704B19-B8C8-4042-8D91-A5D9AFF2239A}.Debug|Any CPU.ActiveCfg = Debug|Any CPU
		{E1704B19-B8C8-4042-8D91-A5D9AFF2239A}.Debug|Any CPU.Build.0 = Debug|Any CPU
		{E1704B19-B8C8-4042-8D91-A5D9AFF2239A}.Release|Any CPU.ActiveCfg = Release|Any CPU
		{E1704B19-B8C8-4042-8D91-A5D9AFF2239A}.Release|Any CPU.Build.0 = Release|Any CPU
		{17802973-EF80-4F9A-A430-06EDB75EDE77}.Debug|Any CPU.ActiveCfg = Debug|Any CPU
		{17802973-EF80-4F9A-A430-06EDB75EDE77}.Debug|Any CPU.Build.0 = Debug|Any CPU
		{17802973-EF80-4F9A-A430-06EDB75EDE77}.Release|Any CPU.ActiveCfg = Release|Any CPU
		{17802973-EF80-4F9A-A430-06EDB75EDE77}.Release|Any CPU.Build.0 = Release|Any CPU
		{46BCD480-B236-4E11-93FF-5E925549E71F}.Debug|Any CPU.ActiveCfg = Debug|Any CPU
		{46BCD480-B236-4E11-93FF-5E925549E71F}.Debug|Any CPU.Build.0 = Debug|Any CPU
		{46BCD480-B236-4E11-93FF-5E925549E71F}.Debug|Any CPU.Deploy.0 = Debug|Any CPU
		{46BCD480-B236-4E11-93FF-5E925549E71F}.Release|Any CPU.ActiveCfg = Release|Any CPU
		{46BCD480-B236-4E11-93FF-5E925549E71F}.Release|Any CPU.Build.0 = Release|Any CPU
		{46BCD480-B236-4E11-93FF-5E925549E71F}.Release|Any CPU.Deploy.0 = Release|Any CPU
		{F3D310AB-5FEB-4FAD-B7FF-3A203C1A68C2}.Debug|Any CPU.ActiveCfg = Debug|Any CPU
		{F3D310AB-5FEB-4FAD-B7FF-3A203C1A68C2}.Debug|Any CPU.Build.0 = Debug|Any CPU
		{F3D310AB-5FEB-4FAD-B7FF-3A203C1A68C2}.Release|Any CPU.ActiveCfg = Release|Any CPU
		{F3D310AB-5FEB-4FAD-B7FF-3A203C1A68C2}.Release|Any CPU.Build.0 = Release|Any CPU
		{3E27F4B3-1DB5-4833-AF15-CA05C119FBC1}.Debug|Any CPU.ActiveCfg = Debug|Any CPU
		{3E27F4B3-1DB5-4833-AF15-CA05C119FBC1}.Debug|Any CPU.Build.0 = Debug|Any CPU
		{3E27F4B3-1DB5-4833-AF15-CA05C119FBC1}.Release|Any CPU.ActiveCfg = Release|Any CPU
		{3E27F4B3-1DB5-4833-AF15-CA05C119FBC1}.Release|Any CPU.Build.0 = Release|Any CPU
		{E56781CE-02C5-4AEC-AFA4-3C4901698E73}.Debug|Any CPU.ActiveCfg = Debug|Any CPU
		{E56781CE-02C5-4AEC-AFA4-3C4901698E73}.Debug|Any CPU.Build.0 = Debug|Any CPU
		{E56781CE-02C5-4AEC-AFA4-3C4901698E73}.Release|Any CPU.ActiveCfg = Release|Any CPU
		{E56781CE-02C5-4AEC-AFA4-3C4901698E73}.Release|Any CPU.Build.0 = Release|Any CPU
		{561C64CE-A705-486F-863B-C577FAF48AF3}.Debug|Any CPU.ActiveCfg = Debug|Any CPU
		{561C64CE-A705-486F-863B-C577FAF48AF3}.Debug|Any CPU.Build.0 = Debug|Any CPU
		{561C64CE-A705-486F-863B-C577FAF48AF3}.Release|Any CPU.ActiveCfg = Release|Any CPU
		{561C64CE-A705-486F-863B-C577FAF48AF3}.Release|Any CPU.Build.0 = Release|Any CPU
		{1E8CB004-4D31-4CD0-9341-2F39FE779D47}.Debug|Any CPU.ActiveCfg = Debug|Any CPU
		{1E8CB004-4D31-4CD0-9341-2F39FE779D47}.Debug|Any CPU.Build.0 = Debug|Any CPU
		{1E8CB004-4D31-4CD0-9341-2F39FE779D47}.Debug|Any CPU.Deploy.0 = Debug|Any CPU
		{1E8CB004-4D31-4CD0-9341-2F39FE779D47}.Release|Any CPU.ActiveCfg = Release|Any CPU
		{1E8CB004-4D31-4CD0-9341-2F39FE779D47}.Release|Any CPU.Build.0 = Release|Any CPU
		{1E8CB004-4D31-4CD0-9341-2F39FE779D47}.Release|Any CPU.Deploy.0 = Release|Any CPU
	EndGlobalSection
	GlobalSection(SolutionProperties) = preSolution
		HideSolutionNode = FALSE
	EndGlobalSection
	GlobalSection(ExtensibilityGlobals) = postSolution
		SolutionGuid = {CF6D5639-50CD-463F-9ED1-C8CAE831B943}
	EndGlobalSection
EndGlobal
